
Microsoft Visual Studio Solution File, Format Version 12.00
# Visual Studio Version 17
VisualStudioVersion = 17.11.35312.102
MinimumVisualStudioVersion = 10.0.40219.1
Project("{FAE04EC0-301F-11D3-BF4B-00C04F79EFBC}") = "IBC_WebApplication1", "IBC_WebApplication1\IBC_WebApplication1.csproj", "{B8EF9814-1802-4E74-A2AE-497EE6D5A2A8}"
EndProject
Global
	GlobalSection(SolutionConfigurationPlatforms) = preSolution
		Debug|Any CPU = Debug|Any CPU
		Release|Any CPU = Release|Any CPU
	EndGlobalSection
	GlobalSection(ProjectConfigurationPlatforms) = postSolution
		{B8EF9814-1802-4E74-A2AE-497EE6D5A2A8}.Debug|Any CPU.ActiveCfg = Debug|Any CPU
		{B8EF9814-1802-4E74-A2AE-497EE6D5A2A8}.Debug|Any CPU.Build.0 = Debug|Any CPU
		{B8EF9814-1802-4E74-A2AE-497EE6D5A2A8}.Release|Any CPU.ActiveCfg = Release|Any CPU
		{B8EF9814-1802-4E74-A2AE-497EE6D5A2A8}.Release|Any CPU.Build.0 = Release|Any CPU
	EndGlobalSection
	GlobalSection(SolutionProperties) = preSolution
		HideSolutionNode = FALSE
	EndGlobalSection
	GlobalSection(ExtensibilityGlobals) = postSolution
		SolutionGuid = {7A94A0C6-4C9C-48F0-8574-AA715B5FE3F8}
	EndGlobalSection
EndGlobal
